
Microsoft Visual Studio Solution File, Format Version 12.00
# Visual Studio 15
VisualStudioVersion = 15.0.26124.0
MinimumVisualStudioVersion = 15.0.26124.0
Project("{F2A71F9B-5D33-465A-A702-920D77279786}") = "Normio.Core", "Normio.Core\Normio.Core.fsproj", "{C176B0C6-D3D9-4578-9CE1-4A7C4C5691EA}"
EndProject
Project("{F2A71F9B-5D33-465A-A702-920D77279786}") = "Normio.Persistence", "Normio.Persistence\Normio.Persistence.fsproj", "{F1B61873-8A0A-4B7E-999F-234370127709}"
EndProject
Project("{F2A71F9B-5D33-465A-A702-920D77279786}") = "Normio.Commands.Api", "Normio.Commands.Api\Normio.Commands.Api.fsproj", "{61E29B7F-931E-4981-B622-FF557FC21780}"
EndProject
Project("{F2A71F9B-5D33-465A-A702-920D77279786}") = "Normio.Web.Dev", "Normio.Web.Dev\Normio.Web.Dev.fsproj", "{C4E40623-AD64-40A3-9A4D-A41C0A363032}"
EndProject
Project("{FAE04EC0-301F-11D3-BF4B-00C04F79EFBC}") = "Normio.Client", "Normio.Client\Normio.Client.csproj", "{9952DF52-87A0-4883-9740-B5E0E2BFA765}"
EndProject
Project("{F2A71F9B-5D33-465A-A702-920D77279786}") = "Normio.Tests", "Normio.Tests\Normio.Tests.fsproj", "{29EC4C9A-8F27-4F5A-B2F6-5F211B5D1D24}"
EndProject
Project("{F2A71F9B-5D33-465A-A702-920D77279786}") = "Normio.Timer", "Normio.Timer\Normio.Timer.fsproj", "{80B6D006-C375-4681-BD04-CFE01674F1D7}"
EndProject
Global
	GlobalSection(SolutionConfigurationPlatforms) = preSolution
		Debug|Any CPU = Debug|Any CPU
		Debug|x64 = Debug|x64
		Debug|x86 = Debug|x86
		Release|Any CPU = Release|Any CPU
		Release|x64 = Release|x64
		Release|x86 = Release|x86
	EndGlobalSection
	GlobalSection(SolutionProperties) = preSolution
		HideSolutionNode = FALSE
	EndGlobalSection
	GlobalSection(ProjectConfigurationPlatforms) = postSolution
		{9D23D3C0-07A4-49CA-A218-763151D225AC}.Debug|Any CPU.ActiveCfg = Debug|Any CPU
		{9D23D3C0-07A4-49CA-A218-763151D225AC}.Debug|Any CPU.Build.0 = Debug|Any CPU
		{9D23D3C0-07A4-49CA-A218-763151D225AC}.Debug|x64.ActiveCfg = Debug|Any CPU
		{9D23D3C0-07A4-49CA-A218-763151D225AC}.Debug|x64.Build.0 = Debug|Any CPU
		{9D23D3C0-07A4-49CA-A218-763151D225AC}.Debug|x86.ActiveCfg = Debug|Any CPU
		{9D23D3C0-07A4-49CA-A218-763151D225AC}.Debug|x86.Build.0 = Debug|Any CPU
		{9D23D3C0-07A4-49CA-A218-763151D225AC}.Release|Any CPU.ActiveCfg = Release|Any CPU
		{9D23D3C0-07A4-49CA-A218-763151D225AC}.Release|Any CPU.Build.0 = Release|Any CPU
		{9D23D3C0-07A4-49CA-A218-763151D225AC}.Release|x64.ActiveCfg = Release|Any CPU
		{9D23D3C0-07A4-49CA-A218-763151D225AC}.Release|x64.Build.0 = Release|Any CPU
		{9D23D3C0-07A4-49CA-A218-763151D225AC}.Release|x86.ActiveCfg = Release|Any CPU
		{9D23D3C0-07A4-49CA-A218-763151D225AC}.Release|x86.Build.0 = Release|Any CPU
		{14F72D5B-6FB2-4DAF-955B-992E8AC45D2F}.Debug|Any CPU.ActiveCfg = Debug|Any CPU
		{14F72D5B-6FB2-4DAF-955B-992E8AC45D2F}.Debug|Any CPU.Build.0 = Debug|Any CPU
		{14F72D5B-6FB2-4DAF-955B-992E8AC45D2F}.Debug|x64.ActiveCfg = Debug|Any CPU
		{14F72D5B-6FB2-4DAF-955B-992E8AC45D2F}.Debug|x64.Build.0 = Debug|Any CPU
		{14F72D5B-6FB2-4DAF-955B-992E8AC45D2F}.Debug|x86.ActiveCfg = Debug|Any CPU
		{14F72D5B-6FB2-4DAF-955B-992E8AC45D2F}.Debug|x86.Build.0 = Debug|Any CPU
		{14F72D5B-6FB2-4DAF-955B-992E8AC45D2F}.Release|Any CPU.ActiveCfg = Release|Any CPU
		{14F72D5B-6FB2-4DAF-955B-992E8AC45D2F}.Release|Any CPU.Build.0 = Release|Any CPU
		{14F72D5B-6FB2-4DAF-955B-992E8AC45D2F}.Release|x64.ActiveCfg = Release|Any CPU
		{14F72D5B-6FB2-4DAF-955B-992E8AC45D2F}.Release|x64.Build.0 = Release|Any CPU
		{14F72D5B-6FB2-4DAF-955B-992E8AC45D2F}.Release|x86.ActiveCfg = Release|Any CPU
		{14F72D5B-6FB2-4DAF-955B-992E8AC45D2F}.Release|x86.Build.0 = Release|Any CPU
		{35ED3AA4-7FAC-4F21-A3EF-99756E9040F9}.Debug|Any CPU.ActiveCfg = Debug|Any CPU
		{35ED3AA4-7FAC-4F21-A3EF-99756E9040F9}.Debug|Any CPU.Build.0 = Debug|Any CPU
		{35ED3AA4-7FAC-4F21-A3EF-99756E9040F9}.Debug|x64.ActiveCfg = Debug|Any CPU
		{35ED3AA4-7FAC-4F21-A3EF-99756E9040F9}.Debug|x64.Build.0 = Debug|Any CPU
		{35ED3AA4-7FAC-4F21-A3EF-99756E9040F9}.Debug|x86.ActiveCfg = Debug|Any CPU
		{35ED3AA4-7FAC-4F21-A3EF-99756E9040F9}.Debug|x86.Build.0 = Debug|Any CPU
		{35ED3AA4-7FAC-4F21-A3EF-99756E9040F9}.Release|Any CPU.ActiveCfg = Release|Any CPU
		{35ED3AA4-7FAC-4F21-A3EF-99756E9040F9}.Release|Any CPU.Build.0 = Release|Any CPU
		{35ED3AA4-7FAC-4F21-A3EF-99756E9040F9}.Release|x64.ActiveCfg = Release|Any CPU
		{35ED3AA4-7FAC-4F21-A3EF-99756E9040F9}.Release|x64.Build.0 = Release|Any CPU
		{35ED3AA4-7FAC-4F21-A3EF-99756E9040F9}.Release|x86.ActiveCfg = Release|Any CPU
		{35ED3AA4-7FAC-4F21-A3EF-99756E9040F9}.Release|x86.Build.0 = Release|Any CPU
		{C22D9BB4-F255-45B8-A842-6B822B6A9BB1}.Debug|Any CPU.ActiveCfg = Debug|Any CPU
		{C22D9BB4-F255-45B8-A842-6B822B6A9BB1}.Debug|Any CPU.Build.0 = Debug|Any CPU
		{C22D9BB4-F255-45B8-A842-6B822B6A9BB1}.Debug|x64.ActiveCfg = Debug|Any CPU
		{C22D9BB4-F255-45B8-A842-6B822B6A9BB1}.Debug|x64.Build.0 = Debug|Any CPU
		{C22D9BB4-F255-45B8-A842-6B822B6A9BB1}.Debug|x86.ActiveCfg = Debug|Any CPU
		{C22D9BB4-F255-45B8-A842-6B822B6A9BB1}.Debug|x86.Build.0 = Debug|Any CPU
		{C22D9BB4-F255-45B8-A842-6B822B6A9BB1}.Release|Any CPU.ActiveCfg = Release|Any CPU
		{C22D9BB4-F255-45B8-A842-6B822B6A9BB1}.Release|Any CPU.Build.0 = Release|Any CPU
		{C22D9BB4-F255-45B8-A842-6B822B6A9BB1}.Release|x64.ActiveCfg = Release|Any CPU
		{C22D9BB4-F255-45B8-A842-6B822B6A9BB1}.Release|x64.Build.0 = Release|Any CPU
		{C22D9BB4-F255-45B8-A842-6B822B6A9BB1}.Release|x86.ActiveCfg = Release|Any CPU
		{C22D9BB4-F255-45B8-A842-6B822B6A9BB1}.Release|x86.Build.0 = Release|Any CPU
		{80BFB6F6-C2DF-4C34-99ED-AEDF2EE465F8}.Debug|Any CPU.ActiveCfg = Debug|Any CPU
		{80BFB6F6-C2DF-4C34-99ED-AEDF2EE465F8}.Debug|Any CPU.Build.0 = Debug|Any CPU
		{80BFB6F6-C2DF-4C34-99ED-AEDF2EE465F8}.Debug|x64.ActiveCfg = Debug|Any CPU
		{80BFB6F6-C2DF-4C34-99ED-AEDF2EE465F8}.Debug|x64.Build.0 = Debug|Any CPU
		{80BFB6F6-C2DF-4C34-99ED-AEDF2EE465F8}.Debug|x86.ActiveCfg = Debug|Any CPU
		{80BFB6F6-C2DF-4C34-99ED-AEDF2EE465F8}.Debug|x86.Build.0 = Debug|Any CPU
		{80BFB6F6-C2DF-4C34-99ED-AEDF2EE465F8}.Release|Any CPU.ActiveCfg = Release|Any CPU
		{80BFB6F6-C2DF-4C34-99ED-AEDF2EE465F8}.Release|Any CPU.Build.0 = Release|Any CPU
		{80BFB6F6-C2DF-4C34-99ED-AEDF2EE465F8}.Release|x64.ActiveCfg = Release|Any CPU
		{80BFB6F6-C2DF-4C34-99ED-AEDF2EE465F8}.Release|x64.Build.0 = Release|Any CPU
		{80BFB6F6-C2DF-4C34-99ED-AEDF2EE465F8}.Release|x86.ActiveCfg = Release|Any CPU
		{80BFB6F6-C2DF-4C34-99ED-AEDF2EE465F8}.Release|x86.Build.0 = Release|Any CPU
		{C176B0C6-D3D9-4578-9CE1-4A7C4C5691EA}.Debug|Any CPU.ActiveCfg = Debug|Any CPU
		{C176B0C6-D3D9-4578-9CE1-4A7C4C5691EA}.Debug|Any CPU.Build.0 = Debug|Any CPU
		{C176B0C6-D3D9-4578-9CE1-4A7C4C5691EA}.Debug|x64.ActiveCfg = Debug|Any CPU
		{C176B0C6-D3D9-4578-9CE1-4A7C4C5691EA}.Debug|x64.Build.0 = Debug|Any CPU
		{C176B0C6-D3D9-4578-9CE1-4A7C4C5691EA}.Debug|x86.ActiveCfg = Debug|Any CPU
		{C176B0C6-D3D9-4578-9CE1-4A7C4C5691EA}.Debug|x86.Build.0 = Debug|Any CPU
		{C176B0C6-D3D9-4578-9CE1-4A7C4C5691EA}.Release|Any CPU.ActiveCfg = Release|Any CPU
		{C176B0C6-D3D9-4578-9CE1-4A7C4C5691EA}.Release|Any CPU.Build.0 = Release|Any CPU
		{C176B0C6-D3D9-4578-9CE1-4A7C4C5691EA}.Release|x64.ActiveCfg = Release|Any CPU
		{C176B0C6-D3D9-4578-9CE1-4A7C4C5691EA}.Release|x64.Build.0 = Release|Any CPU
		{C176B0C6-D3D9-4578-9CE1-4A7C4C5691EA}.Release|x86.ActiveCfg = Release|Any CPU
		{C176B0C6-D3D9-4578-9CE1-4A7C4C5691EA}.Release|x86.Build.0 = Release|Any CPU
		{F1B61873-8A0A-4B7E-999F-234370127709}.Debug|Any CPU.ActiveCfg = Debug|Any CPU
		{F1B61873-8A0A-4B7E-999F-234370127709}.Debug|Any CPU.Build.0 = Debug|Any CPU
		{F1B61873-8A0A-4B7E-999F-234370127709}.Debug|x64.ActiveCfg = Debug|Any CPU
		{F1B61873-8A0A-4B7E-999F-234370127709}.Debug|x64.Build.0 = Debug|Any CPU
		{F1B61873-8A0A-4B7E-999F-234370127709}.Debug|x86.ActiveCfg = Debug|Any CPU
		{F1B61873-8A0A-4B7E-999F-234370127709}.Debug|x86.Build.0 = Debug|Any CPU
		{F1B61873-8A0A-4B7E-999F-234370127709}.Release|Any CPU.ActiveCfg = Release|Any CPU
		{F1B61873-8A0A-4B7E-999F-234370127709}.Release|Any CPU.Build.0 = Release|Any CPU
		{F1B61873-8A0A-4B7E-999F-234370127709}.Release|x64.ActiveCfg = Release|Any CPU
		{F1B61873-8A0A-4B7E-999F-234370127709}.Release|x64.Build.0 = Release|Any CPU
		{F1B61873-8A0A-4B7E-999F-234370127709}.Release|x86.ActiveCfg = Release|Any CPU
		{F1B61873-8A0A-4B7E-999F-234370127709}.Release|x86.Build.0 = Release|Any CPU
		{61E29B7F-931E-4981-B622-FF557FC21780}.Debug|Any CPU.ActiveCfg = Debug|Any CPU
		{61E29B7F-931E-4981-B622-FF557FC21780}.Debug|Any CPU.Build.0 = Debug|Any CPU
		{61E29B7F-931E-4981-B622-FF557FC21780}.Debug|x64.ActiveCfg = Debug|Any CPU
		{61E29B7F-931E-4981-B622-FF557FC21780}.Debug|x64.Build.0 = Debug|Any CPU
		{61E29B7F-931E-4981-B622-FF557FC21780}.Debug|x86.ActiveCfg = Debug|Any CPU
		{61E29B7F-931E-4981-B622-FF557FC21780}.Debug|x86.Build.0 = Debug|Any CPU
		{61E29B7F-931E-4981-B622-FF557FC21780}.Release|Any CPU.ActiveCfg = Release|Any CPU
		{61E29B7F-931E-4981-B622-FF557FC21780}.Release|Any CPU.Build.0 = Release|Any CPU
		{61E29B7F-931E-4981-B622-FF557FC21780}.Release|x64.ActiveCfg = Release|Any CPU
		{61E29B7F-931E-4981-B622-FF557FC21780}.Release|x64.Build.0 = Release|Any CPU
		{61E29B7F-931E-4981-B622-FF557FC21780}.Release|x86.ActiveCfg = Release|Any CPU
		{61E29B7F-931E-4981-B622-FF557FC21780}.Release|x86.Build.0 = Release|Any CPU
		{C4E40623-AD64-40A3-9A4D-A41C0A363032}.Debug|Any CPU.ActiveCfg = Debug|Any CPU
		{C4E40623-AD64-40A3-9A4D-A41C0A363032}.Debug|Any CPU.Build.0 = Debug|Any CPU
		{C4E40623-AD64-40A3-9A4D-A41C0A363032}.Debug|x64.ActiveCfg = Debug|Any CPU
		{C4E40623-AD64-40A3-9A4D-A41C0A363032}.Debug|x64.Build.0 = Debug|Any CPU
		{C4E40623-AD64-40A3-9A4D-A41C0A363032}.Debug|x86.ActiveCfg = Debug|Any CPU
		{C4E40623-AD64-40A3-9A4D-A41C0A363032}.Debug|x86.Build.0 = Debug|Any CPU
		{C4E40623-AD64-40A3-9A4D-A41C0A363032}.Release|Any CPU.ActiveCfg = Release|Any CPU
		{C4E40623-AD64-40A3-9A4D-A41C0A363032}.Release|Any CPU.Build.0 = Release|Any CPU
		{C4E40623-AD64-40A3-9A4D-A41C0A363032}.Release|x64.ActiveCfg = Release|Any CPU
		{C4E40623-AD64-40A3-9A4D-A41C0A363032}.Release|x64.Build.0 = Release|Any CPU
		{C4E40623-AD64-40A3-9A4D-A41C0A363032}.Release|x86.ActiveCfg = Release|Any CPU
		{C4E40623-AD64-40A3-9A4D-A41C0A363032}.Release|x86.Build.0 = Release|Any CPU
		{9952DF52-87A0-4883-9740-B5E0E2BFA765}.Debug|Any CPU.ActiveCfg = Debug|Any CPU
		{9952DF52-87A0-4883-9740-B5E0E2BFA765}.Debug|Any CPU.Build.0 = Debug|Any CPU
		{9952DF52-87A0-4883-9740-B5E0E2BFA765}.Debug|x64.ActiveCfg = Debug|Any CPU
		{9952DF52-87A0-4883-9740-B5E0E2BFA765}.Debug|x64.Build.0 = Debug|Any CPU
		{9952DF52-87A0-4883-9740-B5E0E2BFA765}.Debug|x86.ActiveCfg = Debug|Any CPU
		{9952DF52-87A0-4883-9740-B5E0E2BFA765}.Debug|x86.Build.0 = Debug|Any CPU
		{9952DF52-87A0-4883-9740-B5E0E2BFA765}.Release|Any CPU.ActiveCfg = Release|Any CPU
		{9952DF52-87A0-4883-9740-B5E0E2BFA765}.Release|Any CPU.Build.0 = Release|Any CPU
		{9952DF52-87A0-4883-9740-B5E0E2BFA765}.Release|x64.ActiveCfg = Release|Any CPU
		{9952DF52-87A0-4883-9740-B5E0E2BFA765}.Release|x64.Build.0 = Release|Any CPU
		{9952DF52-87A0-4883-9740-B5E0E2BFA765}.Release|x86.ActiveCfg = Release|Any CPU
		{9952DF52-87A0-4883-9740-B5E0E2BFA765}.Release|x86.Build.0 = Release|Any CPU
		{29EC4C9A-8F27-4F5A-B2F6-5F211B5D1D24}.Debug|Any CPU.ActiveCfg = Debug|Any CPU
		{29EC4C9A-8F27-4F5A-B2F6-5F211B5D1D24}.Debug|Any CPU.Build.0 = Debug|Any CPU
		{29EC4C9A-8F27-4F5A-B2F6-5F211B5D1D24}.Debug|x64.ActiveCfg = Debug|Any CPU
		{29EC4C9A-8F27-4F5A-B2F6-5F211B5D1D24}.Debug|x64.Build.0 = Debug|Any CPU
		{29EC4C9A-8F27-4F5A-B2F6-5F211B5D1D24}.Debug|x86.ActiveCfg = Debug|Any CPU
		{29EC4C9A-8F27-4F5A-B2F6-5F211B5D1D24}.Debug|x86.Build.0 = Debug|Any CPU
		{29EC4C9A-8F27-4F5A-B2F6-5F211B5D1D24}.Release|Any CPU.ActiveCfg = Release|Any CPU
		{29EC4C9A-8F27-4F5A-B2F6-5F211B5D1D24}.Release|Any CPU.Build.0 = Release|Any CPU
		{29EC4C9A-8F27-4F5A-B2F6-5F211B5D1D24}.Release|x64.ActiveCfg = Release|Any CPU
		{29EC4C9A-8F27-4F5A-B2F6-5F211B5D1D24}.Release|x64.Build.0 = Release|Any CPU
		{29EC4C9A-8F27-4F5A-B2F6-5F211B5D1D24}.Release|x86.ActiveCfg = Release|Any CPU
		{29EC4C9A-8F27-4F5A-B2F6-5F211B5D1D24}.Release|x86.Build.0 = Release|Any CPU
		{80B6D006-C375-4681-BD04-CFE01674F1D7}.Debug|Any CPU.ActiveCfg = Debug|Any CPU
		{80B6D006-C375-4681-BD04-CFE01674F1D7}.Debug|Any CPU.Build.0 = Debug|Any CPU
		{80B6D006-C375-4681-BD04-CFE01674F1D7}.Debug|x64.ActiveCfg = Debug|Any CPU
		{80B6D006-C375-4681-BD04-CFE01674F1D7}.Debug|x64.Build.0 = Debug|Any CPU
		{80B6D006-C375-4681-BD04-CFE01674F1D7}.Debug|x86.ActiveCfg = Debug|Any CPU
		{80B6D006-C375-4681-BD04-CFE01674F1D7}.Debug|x86.Build.0 = Debug|Any CPU
		{80B6D006-C375-4681-BD04-CFE01674F1D7}.Release|Any CPU.ActiveCfg = Release|Any CPU
		{80B6D006-C375-4681-BD04-CFE01674F1D7}.Release|Any CPU.Build.0 = Release|Any CPU
		{80B6D006-C375-4681-BD04-CFE01674F1D7}.Release|x64.ActiveCfg = Release|Any CPU
		{80B6D006-C375-4681-BD04-CFE01674F1D7}.Release|x64.Build.0 = Release|Any CPU
		{80B6D006-C375-4681-BD04-CFE01674F1D7}.Release|x86.ActiveCfg = Release|Any CPU
		{80B6D006-C375-4681-BD04-CFE01674F1D7}.Release|x86.Build.0 = Release|Any CPU
	EndGlobalSection
EndGlobal
